
Microsoft Visual Studio Solution File, Format Version 12.00
# Visual Studio Version 16
VisualStudioVersion = 16.0.31410.357
MinimumVisualStudioVersion = 10.0.40219.1
Project("{9A19103F-16F7-4668-BE54-9A1E7A4F7556}") = "Uragsha.Signalling", "Uragsha.Signalling\Uragsha.Signalling.csproj", "{16D629F1-3CA7-4604-A085-F98BCF7289F4}"
EndProject
Project("{9A19103F-16F7-4668-BE54-9A1E7A4F7556}") = "Uragsha.WebApi", "Uragsha.WebApi\Uragsha.WebApi.csproj", "{7FDB8066-8133-422B-A4EE-98989FF4D514}"
EndProject
Project("{2150E333-8FDC-42A3-9474-1A3956D46DE8}") = "Services", "Services", "{2601CC5D-CF77-45FC-A694-FE800C8886C6}"
EndProject
Project("{9A19103F-16F7-4668-BE54-9A1E7A4F7556}") = "Identity.Interfaces", "Security.Interfaces\Identity.Interfaces.csproj", "{14C6BBDF-BE97-4D61-9188-A1B231AFB4EC}"
EndProject
Project("{2150E333-8FDC-42A3-9474-1A3956D46DE8}") = "Entity", "Entity", "{89D02ED6-F91D-4785-A65F-506542600C76}"
EndProject
Project("{2150E333-8FDC-42A3-9474-1A3956D46DE8}") = "Interfaces", "Interfaces", "{1F713E00-B5F1-42CC-84D7-584DAA6123E6}"
EndProject
Project("{9A19103F-16F7-4668-BE54-9A1E7A4F7556}") = "Identity", "Identity\Identity.csproj", "{9E60F978-267A-40C9-B08E-6387F47D9C3A}"
EndProject
Project("{9A19103F-16F7-4668-BE54-9A1E7A4F7556}") = "Entity", "Entity\Entity.csproj", "{64010327-4E93-48C1-9C52-7760A58CAF37}"
EndProject
Project("{9A19103F-16F7-4668-BE54-9A1E7A4F7556}") = "Scheduler", "Scheduler\Scheduler.csproj", "{6D0B6DA0-BC2A-4382-B8A2-C9CDFCD0CFF8}"
EndProject
Project("{9A19103F-16F7-4668-BE54-9A1E7A4F7556}") = "Scheduler.Interfaces", "Scheduler.Interfaces\Scheduler.Interfaces.csproj", "{5943E3C8-C6CA-4981-A406-82A2DBE85E5E}"
EndProject
Project("{9A19103F-16F7-4668-BE54-9A1E7A4F7556}") = "Entity.MySql", "Entity.MySql\Entity.MySql.csproj", "{9992EC5B-4A68-489B-82F7-240C77F465C6}"
EndProject
Project("{9A19103F-16F7-4668-BE54-9A1E7A4F7556}") = "Dashboard", "Dashboard\Dashboard.csproj", "{BC83344F-0EEE-4FA5-BC89-68916D6A12A1}"
EndProject
Project("{9A19103F-16F7-4668-BE54-9A1E7A4F7556}") = "HttpUtilities", "HttpUtilities\HttpUtilities.csproj", "{32A90054-74FF-4F44-8C2D-1411E56BE6EE}"
EndProject
Project("{9A19103F-16F7-4668-BE54-9A1E7A4F7556}") = "Email.SendGrid", "Email.SendGrid\Email.SendGrid.csproj", "{91C30351-8ACB-4F93-B28C-FF8362386210}"
EndProject
Project("{9A19103F-16F7-4668-BE54-9A1E7A4F7556}") = "Email.Interfaces", "Email.Interfaces\Email.Interfaces.csproj", "{27BD12FB-954E-4083-874E-1D7716F733C1}"
EndProject
Project("{9A19103F-16F7-4668-BE54-9A1E7A4F7556}") = "Messaging.Interfaces", "Messaging.Interfaces\Messaging.Interfaces.csproj", "{55776F07-A82A-48F5-9211-7921EEFA2325}"
EndProject
Project("{9A19103F-16F7-4668-BE54-9A1E7A4F7556}") = "Uragsha.Scheduler.HostedService", "Uragsha.Scheduler.HostedService\Uragsha.Scheduler.HostedService.csproj", "{FE5A01B1-0EAD-43AA-85D7-198F0FB19500}"
EndProject
Project("{9A19103F-16F7-4668-BE54-9A1E7A4F7556}") = "Messaging.Http", "Messaging.Http\Messaging.Http.csproj", "{7BE76EB2-1413-47AA-9C35-F7FB0EEF34D5}"
EndProject
Global
	GlobalSection(SolutionConfigurationPlatforms) = preSolution
		Debug|Any CPU = Debug|Any CPU
		Release|Any CPU = Release|Any CPU
	EndGlobalSection
	GlobalSection(ProjectConfigurationPlatforms) = postSolution
		{16D629F1-3CA7-4604-A085-F98BCF7289F4}.Debug|Any CPU.ActiveCfg = Debug|Any CPU
		{16D629F1-3CA7-4604-A085-F98BCF7289F4}.Debug|Any CPU.Build.0 = Debug|Any CPU
		{16D629F1-3CA7-4604-A085-F98BCF7289F4}.Release|Any CPU.ActiveCfg = Release|Any CPU
		{16D629F1-3CA7-4604-A085-F98BCF7289F4}.Release|Any CPU.Build.0 = Release|Any CPU
		{7FDB8066-8133-422B-A4EE-98989FF4D514}.Debug|Any CPU.ActiveCfg = Debug|Any CPU
		{7FDB8066-8133-422B-A4EE-98989FF4D514}.Debug|Any CPU.Build.0 = Debug|Any CPU
		{7FDB8066-8133-422B-A4EE-98989FF4D514}.Release|Any CPU.ActiveCfg = Release|Any CPU
		{7FDB8066-8133-422B-A4EE-98989FF4D514}.Release|Any CPU.Build.0 = Release|Any CPU
		{14C6BBDF-BE97-4D61-9188-A1B231AFB4EC}.Debug|Any CPU.ActiveCfg = Debug|Any CPU
		{14C6BBDF-BE97-4D61-9188-A1B231AFB4EC}.Debug|Any CPU.Build.0 = Debug|Any CPU
		{14C6BBDF-BE97-4D61-9188-A1B231AFB4EC}.Release|Any CPU.ActiveCfg = Release|Any CPU
		{14C6BBDF-BE97-4D61-9188-A1B231AFB4EC}.Release|Any CPU.Build.0 = Release|Any CPU
		{9E60F978-267A-40C9-B08E-6387F47D9C3A}.Debug|Any CPU.ActiveCfg = Debug|Any CPU
		{9E60F978-267A-40C9-B08E-6387F47D9C3A}.Debug|Any CPU.Build.0 = Debug|Any CPU
		{9E60F978-267A-40C9-B08E-6387F47D9C3A}.Release|Any CPU.ActiveCfg = Release|Any CPU
		{9E60F978-267A-40C9-B08E-6387F47D9C3A}.Release|Any CPU.Build.0 = Release|Any CPU
		{64010327-4E93-48C1-9C52-7760A58CAF37}.Debug|Any CPU.ActiveCfg = Debug|Any CPU
		{64010327-4E93-48C1-9C52-7760A58CAF37}.Debug|Any CPU.Build.0 = Debug|Any CPU
		{64010327-4E93-48C1-9C52-7760A58CAF37}.Release|Any CPU.ActiveCfg = Release|Any CPU
		{64010327-4E93-48C1-9C52-7760A58CAF37}.Release|Any CPU.Build.0 = Release|Any CPU
		{6D0B6DA0-BC2A-4382-B8A2-C9CDFCD0CFF8}.Debug|Any CPU.ActiveCfg = Debug|Any CPU
		{6D0B6DA0-BC2A-4382-B8A2-C9CDFCD0CFF8}.Debug|Any CPU.Build.0 = Debug|Any CPU
		{6D0B6DA0-BC2A-4382-B8A2-C9CDFCD0CFF8}.Release|Any CPU.ActiveCfg = Release|Any CPU
		{6D0B6DA0-BC2A-4382-B8A2-C9CDFCD0CFF8}.Release|Any CPU.Build.0 = Release|Any CPU
		{5943E3C8-C6CA-4981-A406-82A2DBE85E5E}.Debug|Any CPU.ActiveCfg = Debug|Any CPU
		{5943E3C8-C6CA-4981-A406-82A2DBE85E5E}.Debug|Any CPU.Build.0 = Debug|Any CPU
		{5943E3C8-C6CA-4981-A406-82A2DBE85E5E}.Release|Any CPU.ActiveCfg = Release|Any CPU
		{5943E3C8-C6CA-4981-A406-82A2DBE85E5E}.Release|Any CPU.Build.0 = Release|Any CPU
		{9992EC5B-4A68-489B-82F7-240C77F465C6}.Debug|Any CPU.ActiveCfg = Debug|Any CPU
		{9992EC5B-4A68-489B-82F7-240C77F465C6}.Debug|Any CPU.Build.0 = Debug|Any CPU
		{9992EC5B-4A68-489B-82F7-240C77F465C6}.Release|Any CPU.ActiveCfg = Release|Any CPU
		{9992EC5B-4A68-489B-82F7-240C77F465C6}.Release|Any CPU.Build.0 = Release|Any CPU
		{BC83344F-0EEE-4FA5-BC89-68916D6A12A1}.Debug|Any CPU.ActiveCfg = Debug|Any CPU
		{BC83344F-0EEE-4FA5-BC89-68916D6A12A1}.Debug|Any CPU.Build.0 = Debug|Any CPU
		{BC83344F-0EEE-4FA5-BC89-68916D6A12A1}.Release|Any CPU.ActiveCfg = Release|Any CPU
		{BC83344F-0EEE-4FA5-BC89-68916D6A12A1}.Release|Any CPU.Build.0 = Release|Any CPU
		{32A90054-74FF-4F44-8C2D-1411E56BE6EE}.Debug|Any CPU.ActiveCfg = Debug|Any CPU
		{32A90054-74FF-4F44-8C2D-1411E56BE6EE}.Debug|Any CPU.Build.0 = Debug|Any CPU
		{32A90054-74FF-4F44-8C2D-1411E56BE6EE}.Release|Any CPU.ActiveCfg = Release|Any CPU
		{32A90054-74FF-4F44-8C2D-1411E56BE6EE}.Release|Any CPU.Build.0 = Release|Any CPU
		{91C30351-8ACB-4F93-B28C-FF8362386210}.Debug|Any CPU.ActiveCfg = Debug|Any CPU
		{91C30351-8ACB-4F93-B28C-FF8362386210}.Debug|Any CPU.Build.0 = Debug|Any CPU
		{91C30351-8ACB-4F93-B28C-FF8362386210}.Release|Any CPU.ActiveCfg = Release|Any CPU
		{91C30351-8ACB-4F93-B28C-FF8362386210}.Release|Any CPU.Build.0 = Release|Any CPU
		{27BD12FB-954E-4083-874E-1D7716F733C1}.Debug|Any CPU.ActiveCfg = Debug|Any CPU
		{27BD12FB-954E-4083-874E-1D7716F733C1}.Debug|Any CPU.Build.0 = Debug|Any CPU
		{27BD12FB-954E-4083-874E-1D7716F733C1}.Release|Any CPU.ActiveCfg = Release|Any CPU
		{27BD12FB-954E-4083-874E-1D7716F733C1}.Release|Any CPU.Build.0 = Release|Any CPU
		{55776F07-A82A-48F5-9211-7921EEFA2325}.Debug|Any CPU.ActiveCfg = Debug|Any CPU
		{55776F07-A82A-48F5-9211-7921EEFA2325}.Debug|Any CPU.Build.0 = Debug|Any CPU
		{55776F07-A82A-48F5-9211-7921EEFA2325}.Release|Any CPU.ActiveCfg = Release|Any CPU
		{55776F07-A82A-48F5-9211-7921EEFA2325}.Release|Any CPU.Build.0 = Release|Any CPU
		{FE5A01B1-0EAD-43AA-85D7-198F0FB19500}.Debug|Any CPU.ActiveCfg = Debug|Any CPU
		{FE5A01B1-0EAD-43AA-85D7-198F0FB19500}.Debug|Any CPU.Build.0 = Debug|Any CPU
		{FE5A01B1-0EAD-43AA-85D7-198F0FB19500}.Release|Any CPU.ActiveCfg = Release|Any CPU
		{FE5A01B1-0EAD-43AA-85D7-198F0FB19500}.Release|Any CPU.Build.0 = Release|Any CPU
		{7BE76EB2-1413-47AA-9C35-F7FB0EEF34D5}.Debug|Any CPU.ActiveCfg = Debug|Any CPU
		{7BE76EB2-1413-47AA-9C35-F7FB0EEF34D5}.Debug|Any CPU.Build.0 = Debug|Any CPU
		{7BE76EB2-1413-47AA-9C35-F7FB0EEF34D5}.Release|Any CPU.ActiveCfg = Release|Any CPU
		{7BE76EB2-1413-47AA-9C35-F7FB0EEF34D5}.Release|Any CPU.Build.0 = Release|Any CPU
	EndGlobalSection
	GlobalSection(SolutionProperties) = preSolution
		HideSolutionNode = FALSE
	EndGlobalSection
	GlobalSection(NestedProjects) = preSolution
		{14C6BBDF-BE97-4D61-9188-A1B231AFB4EC} = {1F713E00-B5F1-42CC-84D7-584DAA6123E6}
		{9E60F978-267A-40C9-B08E-6387F47D9C3A} = {2601CC5D-CF77-45FC-A694-FE800C8886C6}
		{64010327-4E93-48C1-9C52-7760A58CAF37} = {89D02ED6-F91D-4785-A65F-506542600C76}
		{6D0B6DA0-BC2A-4382-B8A2-C9CDFCD0CFF8} = {2601CC5D-CF77-45FC-A694-FE800C8886C6}
		{5943E3C8-C6CA-4981-A406-82A2DBE85E5E} = {1F713E00-B5F1-42CC-84D7-584DAA6123E6}
		{9992EC5B-4A68-489B-82F7-240C77F465C6} = {89D02ED6-F91D-4785-A65F-506542600C76}
		{BC83344F-0EEE-4FA5-BC89-68916D6A12A1} = {2601CC5D-CF77-45FC-A694-FE800C8886C6}
		{32A90054-74FF-4F44-8C2D-1411E56BE6EE} = {2601CC5D-CF77-45FC-A694-FE800C8886C6}
		{91C30351-8ACB-4F93-B28C-FF8362386210} = {2601CC5D-CF77-45FC-A694-FE800C8886C6}
		{27BD12FB-954E-4083-874E-1D7716F733C1} = {1F713E00-B5F1-42CC-84D7-584DAA6123E6}
		{55776F07-A82A-48F5-9211-7921EEFA2325} = {1F713E00-B5F1-42CC-84D7-584DAA6123E6}
		{7BE76EB2-1413-47AA-9C35-F7FB0EEF34D5} = {2601CC5D-CF77-45FC-A694-FE800C8886C6}
	EndGlobalSection
	GlobalSection(ExtensibilityGlobals) = postSolution
		SolutionGuid = {FED6B0CB-F438-47FF-8316-81EA7C31F43E}
	EndGlobalSection
EndGlobal
